// !$*UTF8*$!
{
	archiveVersion = 1;
	classes = {
	};
	objectVersion = 56;
	objects = {

/* Begin PBXBuildFile section */
		759A33052C7455AC00DC13EA /* Recipe.swift in Sources */ = {isa = PBXBuildFile; fileRef = 759A33042C7455AC00DC13EA /* Recipe.swift */; };
		759A33072C745E1700DC13EA /* RecipeData.swift in Sources */ = {isa = PBXBuildFile; fileRef = 759A33062C745E1700DC13EA /* RecipeData.swift */; };
		759E6A642C7475620050EB5D /* MainInformation.swift in Sources */ = {isa = PBXBuildFile; fileRef = 759E6A632C7475620050EB5D /* MainInformation.swift */; };
		759E6A662C7475950050EB5D /* Category.swift in Sources */ = {isa = PBXBuildFile; fileRef = 759E6A652C7475950050EB5D /* Category.swift */; };
		759E6A682C7475AE0050EB5D /* Ingredient.swift in Sources */ = {isa = PBXBuildFile; fileRef = 759E6A672C7475AE0050EB5D /* Ingredient.swift */; };
		759E6A6A2C7475CB0050EB5D /* Direction.swift in Sources */ = {isa = PBXBuildFile; fileRef = 759E6A692C7475CB0050EB5D /* Direction.swift */; };
		759E6A6C2C7475FD0050EB5D /* Unit.swift in Sources */ = {isa = PBXBuildFile; fileRef = 759E6A6B2C7475FD0050EB5D /* Unit.swift */; };
		75F4C4642C7454AC00F10788 /* MyCookBookApp.swift in Sources */ = {isa = PBXBuildFile; fileRef = 75F4C4632C7454AC00F10788 /* MyCookBookApp.swift */; };
		75F4C4662C7454AC00F10788 /* RecipeView.swift in Sources */ = {isa = PBXBuildFile; fileRef = 75F4C4652C7454AC00F10788 /* RecipeView.swift */; };
		75F4C4682C7454AC00F10788 /* Item.swift in Sources */ = {isa = PBXBuildFile; fileRef = 75F4C4672C7454AC00F10788 /* Item.swift */; };
		75F4C46A2C7454B300F10788 /* Assets.xcassets in Resources */ = {isa = PBXBuildFile; fileRef = 75F4C4692C7454B300F10788 /* Assets.xcassets */; };
		75F4C46D2C7454B400F10788 /* Preview Assets.xcassets in Resources */ = {isa = PBXBuildFile; fileRef = 75F4C46C2C7454B400F10788 /* Preview Assets.xcassets */; };
/* End PBXBuildFile section */

/* Begin PBXFileReference section */
		759A33042C7455AC00DC13EA /* Recipe.swift */ = {isa = PBXFileReference; lastKnownFileType = sourcecode.swift; path = Recipe.swift; sourceTree = "<group>"; };
		759A33062C745E1700DC13EA /* RecipeData.swift */ = {isa = PBXFileReference; lastKnownFileType = sourcecode.swift; path = RecipeData.swift; sourceTree = "<group>"; };
		759E6A632C7475620050EB5D /* MainInformation.swift */ = {isa = PBXFileReference; lastKnownFileType = sourcecode.swift; path = MainInformation.swift; sourceTree = "<group>"; };
		759E6A652C7475950050EB5D /* Category.swift */ = {isa = PBXFileReference; lastKnownFileType = sourcecode.swift; path = Category.swift; sourceTree = "<group>"; };
		759E6A672C7475AE0050EB5D /* Ingredient.swift */ = {isa = PBXFileReference; lastKnownFileType = sourcecode.swift; path = Ingredient.swift; sourceTree = "<group>"; };
		759E6A692C7475CB0050EB5D /* Direction.swift */ = {isa = PBXFileReference; lastKnownFileType = sourcecode.swift; path = Direction.swift; sourceTree = "<group>"; };
		759E6A6B2C7475FD0050EB5D /* Unit.swift */ = {isa = PBXFileReference; lastKnownFileType = sourcecode.swift; path = Unit.swift; sourceTree = "<group>"; };
		75F4C4602C7454AC00F10788 /* MyCookBook.app */ = {isa = PBXFileReference; explicitFileType = wrapper.application; includeInIndex = 0; path = MyCookBook.app; sourceTree = BUILT_PRODUCTS_DIR; };
		75F4C4632C7454AC00F10788 /* MyCookBookApp.swift */ = {isa = PBXFileReference; lastKnownFileType = sourcecode.swift; path = MyCookBookApp.swift; sourceTree = "<group>"; };
		75F4C4652C7454AC00F10788 /* RecipeView.swift */ = {isa = PBXFileReference; lastKnownFileType = sourcecode.swift; path = RecipeView.swift; sourceTree = "<group>"; };
		75F4C4672C7454AC00F10788 /* Item.swift */ = {isa = PBXFileReference; lastKnownFileType = sourcecode.swift; path = Item.swift; sourceTree = "<group>"; };
		75F4C4692C7454B300F10788 /* Assets.xcassets */ = {isa = PBXFileReference; lastKnownFileType = folder.assetcatalog; path = Assets.xcassets; sourceTree = "<group>"; };
		75F4C46C2C7454B400F10788 /* Preview Assets.xcassets */ = {isa = PBXFileReference; lastKnownFileType = folder.assetcatalog; path = "Preview Assets.xcassets"; sourceTree = "<group>"; };
/* End PBXFileReference section */

/* Begin PBXFrameworksBuildPhase section */
		75F4C45D2C7454AC00F10788 /* Frameworks */ = {
			isa = PBXFrameworksBuildPhase;
			buildActionMask = 2147483647;
			files = (
			);
			runOnlyForDeploymentPostprocessing = 0;
		};
/* End PBXFrameworksBuildPhase section */

/* Begin PBXGroup section */
		759A33032C74558F00DC13EA /* Models */ = {
			isa = PBXGroup;
			children = (
				759A33042C7455AC00DC13EA /* Recipe.swift */,
				759E6A632C7475620050EB5D /* MainInformation.swift */,
				759E6A652C7475950050EB5D /* Category.swift */,
				759E6A672C7475AE0050EB5D /* Ingredient.swift */,
				759E6A692C7475CB0050EB5D /* Direction.swift */,
				759E6A6B2C7475FD0050EB5D /* Unit.swift */,
			);
			path = Models;
			sourceTree = "<group>";
		};
		759E6A622C7470CC0050EB5D /* ViewModel */ = {
			isa = PBXGroup;
			children = (
				759A33062C745E1700DC13EA /* RecipeData.swift */,
			);
			path = ViewModel;
			sourceTree = "<group>";
		};
		75F4C4572C7454AC00F10788 = {
			isa = PBXGroup;
			children = (
				75F4C4622C7454AC00F10788 /* MyCookBook */,
				75F4C4612C7454AC00F10788 /* Products */,
			);
			sourceTree = "<group>";
		};
		75F4C4612C7454AC00F10788 /* Products */ = {
			isa = PBXGroup;
			children = (
				75F4C4602C7454AC00F10788 /* MyCookBook.app */,
			);
			name = Products;
			sourceTree = "<group>";
		};
		75F4C4622C7454AC00F10788 /* MyCookBook */ = {
			isa = PBXGroup;
			children = (
				75F4C4632C7454AC00F10788 /* MyCookBookApp.swift */,
				759E6A622C7470CC0050EB5D /* ViewModel */,
				759A33032C74558F00DC13EA /* Models */,
				75F4C4652C7454AC00F10788 /* RecipeView.swift */,
				75F4C4672C7454AC00F10788 /* Item.swift */,
				75F4C4692C7454B300F10788 /* Assets.xcassets */,
				75F4C46B2C7454B400F10788 /* Preview Content */,
			);
			path = MyCookBook;
			sourceTree = "<group>";
		};
		75F4C46B2C7454B400F10788 /* Preview Content */ = {
			isa = PBXGroup;
			children = (
				75F4C46C2C7454B400F10788 /* Preview Assets.xcassets */,
			);
			path = "Preview Content";
			sourceTree = "<group>";
		};
/* End PBXGroup section */

/* Begin PBXNativeTarget section */
		75F4C45F2C7454AC00F10788 /* MyCookBook */ = {
			isa = PBXNativeTarget;
			buildConfigurationList = 75F4C4702C7454B400F10788 /* Build configuration list for PBXNativeTarget "MyCookBook" */;
			buildPhases = (
				75F4C45C2C7454AC00F10788 /* Sources */,
				75F4C45D2C7454AC00F10788 /* Frameworks */,
				75F4C45E2C7454AC00F10788 /* Resources */,
			);
			buildRules = (
			);
			dependencies = (
			);
			name = MyCookBook;
			productName = MyCookBook;
			productReference = 75F4C4602C7454AC00F10788 /* MyCookBook.app */;
			productType = "com.apple.product-type.application";
		};
/* End PBXNativeTarget section */

/* Begin PBXProject section */
		75F4C4582C7454AC00F10788 /* Project object */ = {
			isa = PBXProject;
			attributes = {
				BuildIndependentTargetsInParallel = 1;
				LastSwiftUpdateCheck = 1540;
				LastUpgradeCheck = 1540;
				TargetAttributes = {
					75F4C45F2C7454AC00F10788 = {
						CreatedOnToolsVersion = 15.4;
					};
				};
			};
			buildConfigurationList = 75F4C45B2C7454AC00F10788 /* Build configuration list for PBXProject "MyCookBook" */;
			compatibilityVersion = "Xcode 14.0";
			developmentRegion = en;
			hasScannedForEncodings = 0;
			knownRegions = (
				en,
				Base,
			);
			mainGroup = 75F4C4572C7454AC00F10788;
			productRefGroup = 75F4C4612C7454AC00F10788 /* Products */;
			projectDirPath = "";
			projectRoot = "";
			targets = (
				75F4C45F2C7454AC00F10788 /* MyCookBook */,
			);
		};
/* End PBXProject section */

/* Begin PBXResourcesBuildPhase section */
		75F4C45E2C7454AC00F10788 /* Resources */ = {
			isa = PBXResourcesBuildPhase;
			buildActionMask = 2147483647;
			files = (
				75F4C46D2C7454B400F10788 /* Preview Assets.xcassets in Resources */,
				75F4C46A2C7454B300F10788 /* Assets.xcassets in Resources */,
			);
			runOnlyForDeploymentPostprocessing = 0;
		};
/* End PBXResourcesBuildPhase section */

/* Begin PBXSourcesBuildPhase section */
		75F4C45C2C7454AC00F10788 /* Sources */ = {
			isa = PBXSourcesBuildPhase;
			buildActionMask = 2147483647;
			files = (
				75F4C4662C7454AC00F10788 /* RecipeView.swift in Sources */,
				75F4C4682C7454AC00F10788 /* Item.swift in Sources */,
				759A33072C745E1700DC13EA /* RecipeData.swift in Sources */,
				759E6A642C7475620050EB5D /* MainInformation.swift in Sources */,
				759E6A682C7475AE0050EB5D /* Ingredient.swift in Sources */,
				759E6A6C2C7475FD0050EB5D /* Unit.swift in Sources */,
				75F4C4642C7454AC00F10788 /* MyCookBookApp.swift in Sources */,
				759A33052C7455AC00DC13EA /* Recipe.swift in Sources */,
				759E6A662C7475950050EB5D /* Category.swift in Sources */,
				759E6A6A2C7475CB0050EB5D /* Direction.swift in Sources */,
			);
			runOnlyForDeploymentPostprocessing = 0;
		};
/* End PBXSourcesBuildPhase section */

/* Begin XCBuildConfiguration section */
		75F4C46E2C7454B400F10788 /* Debug */ = {
			isa = XCBuildConfiguration;
			buildSettings = {
				ALWAYS_SEARCH_USER_PATHS = NO;
				ASSETCATALOG_COMPILER_GENERATE_SWIFT_ASSET_SYMBOL_EXTENSIONS = YES;
				CLANG_ANALYZER_NONNULL = YES;
				CLANG_ANALYZER_NUMBER_OBJECT_CONVERSION = YES_AGGRESSIVE;
				CLANG_CXX_LANGUAGE_STANDARD = "gnu++20";
				CLANG_ENABLE_MODULES = YES;
				CLANG_ENABLE_OBJC_ARC = YES;
				CLANG_ENABLE_OBJC_WEAK = YES;
				CLANG_WARN_BLOCK_CAPTURE_AUTORELEASING = YES;
				CLANG_WARN_BOOL_CONVERSION = YES;
				CLANG_WARN_COMMA = YES;
				CLANG_WARN_CONSTANT_CONVERSION = YES;
				CLANG_WARN_DEPRECATED_OBJC_IMPLEMENTATIONS = YES;
				CLANG_WARN_DIRECT_OBJC_ISA_USAGE = YES_ERROR;
				CLANG_WARN_DOCUMENTATION_COMMENTS = YES;
				CLANG_WARN_EMPTY_BODY = YES;
				CLANG_WARN_ENUM_CONVERSION = YES;
				CLANG_WARN_INFINITE_RECURSION = YES;
				CLANG_WARN_INT_CONVERSION = YES;
				CLANG_WARN_NON_LITERAL_NULL_CONVERSION = YES;
				CLANG_WARN_OBJC_IMPLICIT_RETAIN_SELF = YES;
				CLANG_WARN_OBJC_LITERAL_CONVERSION = YES;
				CLANG_WARN_OBJC_ROOT_CLASS = YES_ERROR;
				CLANG_WARN_QUOTED_INCLUDE_IN_FRAMEWORK_HEADER = YES;
				CLANG_WARN_RANGE_LOOP_ANALYSIS = YES;
				CLANG_WARN_STRICT_PROTOTYPES = YES;
				CLANG_WARN_SUSPICIOUS_MOVE = YES;
				CLANG_WARN_UNGUARDED_AVAILABILITY = YES_AGGRESSIVE;
				CLANG_WARN_UNREACHABLE_CODE = YES;
				CLANG_WARN__DUPLICATE_METHOD_MATCH = YES;
				COPY_PHASE_STRIP = NO;
				DEBUG_INFORMATION_FORMAT = dwarf;
				ENABLE_STRICT_OBJC_MSGSEND = YES;
				ENABLE_TESTABILITY = YES;
				ENABLE_USER_SCRIPT_SANDBOXING = YES;
				GCC_C_LANGUAGE_STANDARD = gnu17;
				GCC_DYNAMIC_NO_PIC = NO;
				GCC_NO_COMMON_BLOCKS = YES;
				GCC_OPTIMIZATION_LEVEL = 0;
				GCC_PREPROCESSOR_DEFINITIONS = (
					"DEBUG=1",
					"$(inherited)",
				);
				GCC_WARN_64_TO_32_BIT_CONVERSION = YES;
				GCC_WARN_ABOUT_RETURN_TYPE = YES_ERROR;
				GCC_WARN_UNDECLARED_SELECTOR = YES;
				GCC_WARN_UNINITIALIZED_AUTOS = YES_AGGRESSIVE;
				GCC_WARN_UNUSED_FUNCTION = YES;
				GCC_WARN_UNUSED_VARIABLE = YES;
				IPHONEOS_DEPLOYMENT_TARGET = 17.5;
				LOCALIZATION_PREFERS_STRING_CATALOGS = YES;
				MTL_ENABLE_DEBUG_INFO = INCLUDE_SOURCE;
				MTL_FAST_MATH = YES;
				ONLY_ACTIVE_ARCH = YES;
				SDKROOT = iphoneos;
				SWIFT_ACTIVE_COMPILATION_CONDITIONS = "DEBUG $(inherited)";
				SWIFT_OPTIMIZATION_LEVEL = "-Onone";
			};
			name = Debug;
		};
		75F4C46F2C7454B400F10788 /* Release */ = {
			isa = XCBuildConfiguration;
			buildSettings = {
				ALWAYS_SEARCH_USER_PATHS = NO;
				ASSETCATALOG_COMPILER_GENERATE_SWIFT_ASSET_SYMBOL_EXTENSIONS = YES;
				CLANG_ANALYZER_NONNULL = YES;
				CLANG_ANALYZER_NUMBER_OBJECT_CONVERSION = YES_AGGRESSIVE;
				CLANG_CXX_LANGUAGE_STANDARD = "gnu++20";
				CLANG_ENABLE_MODULES = YES;
				CLANG_ENABLE_OBJC_ARC = YES;
				CLANG_ENABLE_OBJC_WEAK = YES;
				CLANG_WARN_BLOCK_CAPTURE_AUTORELEASING = YES;
				CLANG_WARN_BOOL_CONVERSION = YES;
				CLANG_WARN_COMMA = YES;
				CLANG_WARN_CONSTANT_CONVERSION = YES;
				CLANG_WARN_DEPRECATED_OBJC_IMPLEMENTATIONS = YES;
				CLANG_WARN_DIRECT_OBJC_ISA_USAGE = YES_ERROR;
				CLANG_WARN_DOCUMENTATION_COMMENTS = YES;
				CLANG_WARN_EMPTY_BODY = YES;
				CLANG_WARN_ENUM_CONVERSION = YES;
				CLANG_WARN_INFINITE_RECURSION = YES;
				CLANG_WARN_INT_CONVERSION = YES;
				CLANG_WARN_NON_LITERAL_NULL_CONVERSION = YES;
				CLANG_WARN_OBJC_IMPLICIT_RETAIN_SELF = YES;
				CLANG_WARN_OBJC_LITERAL_CONVERSION = YES;
				CLANG_WARN_OBJC_ROOT_CLASS = YES_ERROR;
				CLANG_WARN_QUOTED_INCLUDE_IN_FRAMEWORK_HEADER = YES;
				CLANG_WARN_RANGE_LOOP_ANALYSIS = YES;
				CLANG_WARN_STRICT_PROTOTYPES = YES;
				CLANG_WARN_SUSPICIOUS_MOVE = YES;
				CLANG_WARN_UNGUARDED_AVAILABILITY = YES_AGGRESSIVE;
				CLANG_WARN_UNREACHABLE_CODE = YES;
				CLANG_WARN__DUPLICATE_METHOD_MATCH = YES;
				COPY_PHASE_STRIP = NO;
				DEBUG_INFORMATION_FORMAT = "dwarf-with-dsym";
				ENABLE_NS_ASSERTIONS = NO;
				ENABLE_STRICT_OBJC_MSGSEND = YES;
				ENABLE_USER_SCRIPT_SANDBOXING = YES;
				GCC_C_LANGUAGE_STANDARD = gnu17;
				GCC_NO_COMMON_BLOCKS = YES;
				GCC_WARN_64_TO_32_BIT_CONVERSION = YES;
				GCC_WARN_ABOUT_RETURN_TYPE = YES_ERROR;
				GCC_WARN_UNDECLARED_SELECTOR = YES;
				GCC_WARN_UNINITIALIZED_AUTOS = YES_AGGRESSIVE;
				GCC_WARN_UNUSED_FUNCTION = YES;
				GCC_WARN_UNUSED_VARIABLE = YES;
				IPHONEOS_DEPLOYMENT_TARGET = 17.5;
				LOCALIZATION_PREFERS_STRING_CATALOGS = YES;
				MTL_ENABLE_DEBUG_INFO = NO;
				MTL_FAST_MATH = YES;
				SDKROOT = iphoneos;
				SWIFT_COMPILATION_MODE = wholemodule;
				VALIDATE_PRODUCT = YES;
			};
			name = Release;
		};
		75F4C4712C7454B400F10788 /* Debug */ = {
			isa = XCBuildConfiguration;
			buildSettings = {
				ASSETCATALOG_COMPILER_APPICON_NAME = AppIcon;
				ASSETCATALOG_COMPILER_GLOBAL_ACCENT_COLOR_NAME = AccentColor;
				CODE_SIGN_STYLE = Automatic;
				CURRENT_PROJECT_VERSION = 1;
				DEVELOPMENT_ASSET_PATHS = "\"MyCookBook/Preview Content\"";
				ENABLE_PREVIEWS = YES;
				GENERATE_INFOPLIST_FILE = YES;
				INFOPLIST_KEY_UIApplicationSceneManifest_Generation = YES;
				INFOPLIST_KEY_UIApplicationSupportsIndirectInputEvents = YES;
				INFOPLIST_KEY_UILaunchScreen_Generation = YES;
				INFOPLIST_KEY_UISupportedInterfaceOrientations_iPad = "UIInterfaceOrientationPortrait UIInterfaceOrientationPortraitUpsideDown UIInterfaceOrientationLandscapeLeft UIInterfaceOrientationLandscapeRight";
				INFOPLIST_KEY_UISupportedInterfaceOrientations_iPhone = "UIInterfaceOrientationPortrait UIInterfaceOrientationLandscapeLeft UIInterfaceOrientationLandscapeRight";
				LD_RUNPATH_SEARCH_PATHS = (
					"$(inherited)",
					"@executable_path/Frameworks",
				);
				MARKETING_VERSION = 1.0;
				PRODUCT_BUNDLE_IDENTIFIER = com.yeonyeon.MyCookBook;
				PRODUCT_NAME = "$(TARGET_NAME)";
				SWIFT_EMIT_LOC_STRINGS = YES;
				SWIFT_VERSION = 5.0;
				TARGETED_DEVICE_FAMILY = "1,2";
			};
			name = Debug;
		};
		75F4C4722C7454B400F10788 /* Release */ = {
			isa = XCBuildConfiguration;
			buildSettings = {
				ASSETCATALOG_COMPILER_APPICON_NAME = AppIcon;
				ASSETCATALOG_COMPILER_GLOBAL_ACCENT_COLOR_NAME = AccentColor;
				CODE_SIGN_STYLE = Automatic;
				CURRENT_PROJECT_VERSION = 1;
				DEVELOPMENT_ASSET_PATHS = "\"MyCookBook/Preview Content\"";
				ENABLE_PREVIEWS = YES;
				GENERATE_INFOPLIST_FILE = YES;
				INFOPLIST_KEY_UIApplicationSceneManifest_Generation = YES;
				INFOPLIST_KEY_UIApplicationSupportsIndirectInputEvents = YES;
				INFOPLIST_KEY_UILaunchScreen_Generation = YES;
				INFOPLIST_KEY_UISupportedInterfaceOrientations_iPad = "UIInterfaceOrientationPortrait UIInterfaceOrientationPortraitUpsideDown UIInterfaceOrientationLandscapeLeft UIInterfaceOrientationLandscapeRight";
				INFOPLIST_KEY_UISupportedInterfaceOrientations_iPhone = "UIInterfaceOrientationPortrait UIInterfaceOrientationLandscapeLeft UIInterfaceOrientationLandscapeRight";
				LD_RUNPATH_SEARCH_PATHS = (
					"$(inherited)",
					"@executable_path/Frameworks",
				);
				MARKETING_VERSION = 1.0;
				PRODUCT_BUNDLE_IDENTIFIER = com.yeonyeon.MyCookBook;
				PRODUCT_NAME = "$(TARGET_NAME)";
				SWIFT_EMIT_LOC_STRINGS = YES;
				SWIFT_VERSION = 5.0;
				TARGETED_DEVICE_FAMILY = "1,2";
			};
			name = Release;
		};
/* End XCBuildConfiguration section */

/* Begin XCConfigurationList section */
		75F4C45B2C7454AC00F10788 /* Build configuration list for PBXProject "MyCookBook" */ = {
			isa = XCConfigurationList;
			buildConfigurations = (
				75F4C46E2C7454B400F10788 /* Debug */,
				75F4C46F2C7454B400F10788 /* Release */,
			);
			defaultConfigurationIsVisible = 0;
			defaultConfigurationName = Release;
		};
		75F4C4702C7454B400F10788 /* Build configuration list for PBXNativeTarget "MyCookBook" */ = {
			isa = XCConfigurationList;
			buildConfigurations = (
				75F4C4712C7454B400F10788 /* Debug */,
				75F4C4722C7454B400F10788 /* Release */,
			);
			defaultConfigurationIsVisible = 0;
			defaultConfigurationName = Release;
		};
/* End XCConfigurationList section */
	};
	rootObject = 75F4C4582C7454AC00F10788 /* Project object */;
}
